
Microsoft Visual Studio Solution File, Format Version 12.00
# Visual Studio Version 16
VisualStudioVersion = 16.0.31205.134
MinimumVisualStudioVersion = 10.0.40219.1
Project("{2150E333-8FDC-42A3-9474-1A3956D46DE8}") = "1-Application", "1-Application", "{B9DB4610-F180-48B9-8CA0-87426C0FDAEB}"
EndProject
Project("{2150E333-8FDC-42A3-9474-1A3956D46DE8}") = "2-Domain", "2-Domain", "{9975A6DA-C3C5-4A6A-8184-35E6EE159303}"
EndProject
Project("{2150E333-8FDC-42A3-9474-1A3956D46DE8}") = "3-Service", "3-Service", "{BF151FF1-83AC-4FDD-A6F1-A7A8BBFDE89F}"
EndProject
Project("{2150E333-8FDC-42A3-9474-1A3956D46DE8}") = "4-Infra", "4-Infra", "{339E6825-F7C8-46EC-9F3B-8DE15A591233}"
EndProject
Project("{2150E333-8FDC-42A3-9474-1A3956D46DE8}") = "4.1-Data", "4.1-Data", "{3CAEF305-F818-4A54-939E-7EB5A31FDBE5}"
EndProject
Project("{2150E333-8FDC-42A3-9474-1A3956D46DE8}") = "4.2-CrossCutting", "4.2-CrossCutting", "{0D1D1F0A-1FCC-428D-99FA-642C073CD79E}"
EndProject
Project("{FAE04EC0-301F-11D3-BF4B-00C04F79EFBC}") = "APIModelo", "APIModelo\APIModelo.csproj", "{53FAF3E3-ECBB-45D0-9E4B-87637E383ACF}"
EndProject
Project("{FAE04EC0-301F-11D3-BF4B-00C04F79EFBC}") = "Modelo.Domain", "Modelo.Domain\Modelo.Domain.csproj", "{0E26A2EE-4E01-4389-BB9C-6ACBCA1661B7}"
EndProject
Project("{FAE04EC0-301F-11D3-BF4B-00C04F79EFBC}") = "Modelo.Service", "Modelo.Service\Modelo.Service.csproj", "{2D7C085E-E757-47CE-AC83-2C0175EFE917}"
EndProject
Project("{FAE04EC0-301F-11D3-BF4B-00C04F79EFBC}") = "Modelo.Infra.Data", "Modelo.Infra.Data\Modelo.Infra.Data.csproj", "{4B85CC1D-0D9A-420C-8825-687C69CCC1E6}"
EndProject
Project("{FAE04EC0-301F-11D3-BF4B-00C04F79EFBC}") = "Modelo.Infra.CrossCutting", "Modelo.Infra.CrossCutting\Modelo.Infra.CrossCutting.csproj", "{D34C08A9-6F94-455A-8167-867C25CBBF45}"
EndProject
Global
	GlobalSection(SolutionConfigurationPlatforms) = preSolution
		Debug|Any CPU = Debug|Any CPU
		Release|Any CPU = Release|Any CPU
	EndGlobalSection
	GlobalSection(ProjectConfigurationPlatforms) = postSolution
		{53FAF3E3-ECBB-45D0-9E4B-87637E383ACF}.Debug|Any CPU.ActiveCfg = Debug|Any CPU
		{53FAF3E3-ECBB-45D0-9E4B-87637E383ACF}.Debug|Any CPU.Build.0 = Debug|Any CPU
		{53FAF3E3-ECBB-45D0-9E4B-87637E383ACF}.Release|Any CPU.ActiveCfg = Release|Any CPU
		{53FAF3E3-ECBB-45D0-9E4B-87637E383ACF}.Release|Any CPU.Build.0 = Release|Any CPU
		{0E26A2EE-4E01-4389-BB9C-6ACBCA1661B7}.Debug|Any CPU.ActiveCfg = Debug|Any CPU
		{0E26A2EE-4E01-4389-BB9C-6ACBCA1661B7}.Debug|Any CPU.Build.0 = Debug|Any CPU
		{0E26A2EE-4E01-4389-BB9C-6ACBCA1661B7}.Release|Any CPU.ActiveCfg = Release|Any CPU
		{0E26A2EE-4E01-4389-BB9C-6ACBCA1661B7}.Release|Any CPU.Build.0 = Release|Any CPU
		{2D7C085E-E757-47CE-AC83-2C0175EFE917}.Debug|Any CPU.ActiveCfg = Debug|Any CPU
		{2D7C085E-E757-47CE-AC83-2C0175EFE917}.Debug|Any CPU.Build.0 = Debug|Any CPU
		{2D7C085E-E757-47CE-AC83-2C0175EFE917}.Release|Any CPU.ActiveCfg = Release|Any CPU
		{2D7C085E-E757-47CE-AC83-2C0175EFE917}.Release|Any CPU.Build.0 = Release|Any CPU
		{4B85CC1D-0D9A-420C-8825-687C69CCC1E6}.Debug|Any CPU.ActiveCfg = Debug|Any CPU
		{4B85CC1D-0D9A-420C-8825-687C69CCC1E6}.Debug|Any CPU.Build.0 = Debug|Any CPU
		{4B85CC1D-0D9A-420C-8825-687C69CCC1E6}.Release|Any CPU.ActiveCfg = Release|Any CPU
		{4B85CC1D-0D9A-420C-8825-687C69CCC1E6}.Release|Any CPU.Build.0 = Release|Any CPU
		{D34C08A9-6F94-455A-8167-867C25CBBF45}.Debug|Any CPU.ActiveCfg = Debug|Any CPU
		{D34C08A9-6F94-455A-8167-867C25CBBF45}.Debug|Any CPU.Build.0 = Debug|Any CPU
		{D34C08A9-6F94-455A-8167-867C25CBBF45}.Release|Any CPU.ActiveCfg = Release|Any CPU
		{D34C08A9-6F94-455A-8167-867C25CBBF45}.Release|Any CPU.Build.0 = Release|Any CPU
	EndGlobalSection
	GlobalSection(SolutionProperties) = preSolution
		HideSolutionNode = FALSE
	EndGlobalSection
	GlobalSection(NestedProjects) = preSolution
		{3CAEF305-F818-4A54-939E-7EB5A31FDBE5} = {339E6825-F7C8-46EC-9F3B-8DE15A591233}
		{0D1D1F0A-1FCC-428D-99FA-642C073CD79E} = {339E6825-F7C8-46EC-9F3B-8DE15A591233}
		{53FAF3E3-ECBB-45D0-9E4B-87637E383ACF} = {B9DB4610-F180-48B9-8CA0-87426C0FDAEB}
		{0E26A2EE-4E01-4389-BB9C-6ACBCA1661B7} = {9975A6DA-C3C5-4A6A-8184-35E6EE159303}
		{2D7C085E-E757-47CE-AC83-2C0175EFE917} = {BF151FF1-83AC-4FDD-A6F1-A7A8BBFDE89F}
		{4B85CC1D-0D9A-420C-8825-687C69CCC1E6} = {3CAEF305-F818-4A54-939E-7EB5A31FDBE5}
		{D34C08A9-6F94-455A-8167-867C25CBBF45} = {0D1D1F0A-1FCC-428D-99FA-642C073CD79E}
	EndGlobalSection
	GlobalSection(ExtensibilityGlobals) = postSolution
		SolutionGuid = {96F7A0FB-ECC9-454D-B0EC-4800E4766CC7}
	EndGlobalSection
EndGlobal
